
Microsoft Visual Studio Solution File, Format Version 12.00
# Visual Studio Version 16
VisualStudioVersion = 16.0.29519.87
MinimumVisualStudioVersion = 10.0.40219.1
Project("{9A19103F-16F7-4668-BE54-9A1E7A4F7556}") = "SimpleLogger.Core", "Logger.Core\SimpleLogger.Core.csproj", "{42E6B869-6729-48DD-92F2-32699FF723E2}"
EndProject
Project("{9A19103F-16F7-4668-BE54-9A1E7A4F7556}") = "LoggerControl", "LoggerControl\LoggerControl.csproj", "{5E7D8A14-104B-4B2C-A0DE-BA7EF96ED426}"
EndProject
Project("{9A19103F-16F7-4668-BE54-9A1E7A4F7556}") = "TestApp", "TestApp\TestApp.csproj", "{78C2DF13-D3F4-4962-A232-47C0C44FCC00}"
EndProject
Global
	GlobalSection(SolutionConfigurationPlatforms) = preSolution
		Debug|Any CPU = Debug|Any CPU
		Release|Any CPU = Release|Any CPU
	EndGlobalSection
	GlobalSection(ProjectConfigurationPlatforms) = postSolution
		{42E6B869-6729-48DD-92F2-32699FF723E2}.Debug|Any CPU.ActiveCfg = Debug|Any CPU
		{42E6B869-6729-48DD-92F2-32699FF723E2}.Debug|Any CPU.Build.0 = Debug|Any CPU
		{42E6B869-6729-48DD-92F2-32699FF723E2}.Release|Any CPU.ActiveCfg = Release|Any CPU
		{42E6B869-6729-48DD-92F2-32699FF723E2}.Release|Any CPU.Build.0 = Release|Any CPU
		{5E7D8A14-104B-4B2C-A0DE-BA7EF96ED426}.Debug|Any CPU.ActiveCfg = Debug|Any CPU
		{5E7D8A14-104B-4B2C-A0DE-BA7EF96ED426}.Debug|Any CPU.Build.0 = Debug|Any CPU
		{5E7D8A14-104B-4B2C-A0DE-BA7EF96ED426}.Release|Any CPU.ActiveCfg = Release|Any CPU
		{5E7D8A14-104B-4B2C-A0DE-BA7EF96ED426}.Release|Any CPU.Build.0 = Release|Any CPU
		{78C2DF13-D3F4-4962-A232-47C0C44FCC00}.Debug|Any CPU.ActiveCfg = Debug|Any CPU
		{78C2DF13-D3F4-4962-A232-47C0C44FCC00}.Debug|Any CPU.Build.0 = Debug|Any CPU
		{78C2DF13-D3F4-4962-A232-47C0C44FCC00}.Release|Any CPU.ActiveCfg = Release|Any CPU
		{78C2DF13-D3F4-4962-A232-47C0C44FCC00}.Release|Any CPU.Build.0 = Release|Any CPU
	EndGlobalSection
	GlobalSection(SolutionProperties) = preSolution
		HideSolutionNode = FALSE
	EndGlobalSection
	GlobalSection(ExtensibilityGlobals) = postSolution
		SolutionGuid = {D231197B-456B-4532-9873-9FF59D387005}
	EndGlobalSection
EndGlobal
